Microsoft Visual Studio Solution File, Format Version 12.00
# Visual Studio Version 17
VisualStudioVersion = 17.5.2.0
MinimumVisualStudioVersion = 10.0.40219.1
Project("{FAE04EC0-301F-11D3-BF4B-00C04F79EFBC}") = "luna game engine", "luna game engine.csproj", "{6B2CFD31-4F7E-BA0C-08B3-DA413D151BF6}"
EndProject
Global
	GlobalSection(SolutionConfigurationPlatforms) = preSolution
		Debug|Any CPU = Debug|Any CPU
		Release|Any CPU = Release|Any CPU
	EndGlobalSection
	GlobalSection(ProjectConfigurationPlatforms) = postSolution
		{6B2CFD31-4F7E-BA0C-08B3-DA413D151BF6}.Debug|Any CPU.ActiveCfg = Debug|Any CPU
		{6B2CFD31-4F7E-BA0C-08B3-DA413D151BF6}.Debug|Any CPU.Build.0 = Debug|Any CPU
		{6B2CFD31-4F7E-BA0C-08B3-DA413D151BF6}.Release|Any CPU.ActiveCfg = Release|Any CPU
		{6B2CFD31-4F7E-BA0C-08B3-DA413D151BF6}.Release|Any CPU.Build.0 = Release|Any CPU
	EndGlobalSection
	GlobalSection(SolutionProperties) = preSolution
		HideSolutionNode = FALSE
	EndGlobalSection
	GlobalSection(ExtensibilityGlobals) = postSolution
		SolutionGuid = {BFECA821-5260-4179-BD4E-E83AF92A01B9}
	EndGlobalSection
EndGlobal
